
Microsoft Visual Studio Solution File, Format Version 12.00
# Visual Studio Version 16
VisualStudioVersion = 16.0.30907.101
MinimumVisualStudioVersion = 10.0.40219.1
Project("{FAE04EC0-301F-11D3-BF4B-00C04F79EFBC}") = "ReflectionSample", "ReflectionSample\ReflectionSample.csproj", "{DE65DD7D-9DAE-4102-B29C-03276742EB2B}"
EndProject
Project("{FAE04EC0-301F-11D3-BF4B-00C04F79EFBC}") = "ExecTest", "ExecTest\ExecTest.csproj", "{48CE08C3-C3F7-45C2-B764-5D0CE14B79F6}"
EndProject
Project("{FAE04EC0-301F-11D3-BF4B-00C04F79EFBC}") = "ExternalExeCall", "ExternalExeCall\ExternalExeCall.csproj", "{074D07BF-12F5-4995-B74F-9955F0B14D5E}"
EndProject
Project("{FAE04EC0-301F-11D3-BF4B-00C04F79EFBC}") = "BasicWebServerUrlParser", "BasicWebServer\BasicWebServerUrlParser.csproj", "{B6A28AAE-DA86-41D3-8A15-9B529A3AD71C}"
EndProject
Project("{9A19103F-16F7-4668-BE54-9A1E7A4F7556}") = "HTTPListener", "HTTPListener\HTTPListener.csproj", "{17B021F4-C4A0-428B-A15A-B77300EB82F1}"
EndProject
Project("{9A19103F-16F7-4668-BE54-9A1E7A4F7556}") = "WebDynamic", "WebDynamic\WebDynamic.csproj", "{D930BC4F-CFBD-470C-8FB1-7D68E45FEEDD}"
EndProject
Project("{FAE04EC0-301F-11D3-BF4B-00C04F79EFBC}") = "ExecQuestion5", "ExecQuestion5\ExecQuestion5.csproj", "{69D72434-8B0E-4300-B932-79AA01333D10}"
EndProject
Global
	GlobalSection(SolutionConfigurationPlatforms) = preSolution
		Debug|Any CPU = Debug|Any CPU
		Release|Any CPU = Release|Any CPU
	EndGlobalSection
	GlobalSection(ProjectConfigurationPlatforms) = postSolution
		{DE65DD7D-9DAE-4102-B29C-03276742EB2B}.Debug|Any CPU.ActiveCfg = Debug|Any CPU
		{DE65DD7D-9DAE-4102-B29C-03276742EB2B}.Debug|Any CPU.Build.0 = Debug|Any CPU
		{DE65DD7D-9DAE-4102-B29C-03276742EB2B}.Release|Any CPU.ActiveCfg = Release|Any CPU
		{DE65DD7D-9DAE-4102-B29C-03276742EB2B}.Release|Any CPU.Build.0 = Release|Any CPU
		{48CE08C3-C3F7-45C2-B764-5D0CE14B79F6}.Debug|Any CPU.ActiveCfg = Debug|Any CPU
		{48CE08C3-C3F7-45C2-B764-5D0CE14B79F6}.Debug|Any CPU.Build.0 = Debug|Any CPU
		{48CE08C3-C3F7-45C2-B764-5D0CE14B79F6}.Release|Any CPU.ActiveCfg = Release|Any CPU
		{48CE08C3-C3F7-45C2-B764-5D0CE14B79F6}.Release|Any CPU.Build.0 = Release|Any CPU
		{074D07BF-12F5-4995-B74F-9955F0B14D5E}.Debug|Any CPU.ActiveCfg = Debug|Any CPU
		{074D07BF-12F5-4995-B74F-9955F0B14D5E}.Debug|Any CPU.Build.0 = Debug|Any CPU
		{074D07BF-12F5-4995-B74F-9955F0B14D5E}.Release|Any CPU.ActiveCfg = Release|Any CPU
		{074D07BF-12F5-4995-B74F-9955F0B14D5E}.Release|Any CPU.Build.0 = Release|Any CPU
		{B6A28AAE-DA86-41D3-8A15-9B529A3AD71C}.Debug|Any CPU.ActiveCfg = Debug|Any CPU
		{B6A28AAE-DA86-41D3-8A15-9B529A3AD71C}.Debug|Any CPU.Build.0 = Debug|Any CPU
		{B6A28AAE-DA86-41D3-8A15-9B529A3AD71C}.Release|Any CPU.ActiveCfg = Release|Any CPU
		{B6A28AAE-DA86-41D3-8A15-9B529A3AD71C}.Release|Any CPU.Build.0 = Release|Any CPU
		{17B021F4-C4A0-428B-A15A-B77300EB82F1}.Debug|Any CPU.ActiveCfg = Debug|Any CPU
		{17B021F4-C4A0-428B-A15A-B77300EB82F1}.Debug|Any CPU.Build.0 = Debug|Any CPU
		{17B021F4-C4A0-428B-A15A-B77300EB82F1}.Release|Any CPU.ActiveCfg = Release|Any CPU
		{17B021F4-C4A0-428B-A15A-B77300EB82F1}.Release|Any CPU.Build.0 = Release|Any CPU
		{D930BC4F-CFBD-470C-8FB1-7D68E45FEEDD}.Debug|Any CPU.ActiveCfg = Debug|Any CPU
		{D930BC4F-CFBD-470C-8FB1-7D68E45FEEDD}.Debug|Any CPU.Build.0 = Debug|Any CPU
		{D930BC4F-CFBD-470C-8FB1-7D68E45FEEDD}.Release|Any CPU.ActiveCfg = Release|Any CPU
		{D930BC4F-CFBD-470C-8FB1-7D68E45FEEDD}.Release|Any CPU.Build.0 = Release|Any CPU
		{69D72434-8B0E-4300-B932-79AA01333D10}.Debug|Any CPU.ActiveCfg = Debug|Any CPU
		{69D72434-8B0E-4300-B932-79AA01333D10}.Debug|Any CPU.Build.0 = Debug|Any CPU
		{69D72434-8B0E-4300-B932-79AA01333D10}.Release|Any CPU.ActiveCfg = Release|Any CPU
		{69D72434-8B0E-4300-B932-79AA01333D10}.Release|Any CPU.Build.0 = Release|Any CPU
	EndGlobalSection
	GlobalSection(SolutionProperties) = preSolution
		HideSolutionNode = FALSE
	EndGlobalSection
	GlobalSection(ExtensibilityGlobals) = postSolution
		SolutionGuid = {EB2F176A-128D-4176-B75A-A077013CA20D}
	EndGlobalSection
EndGlobal
